// !$*UTF8*$!
{
	archiveVersion = 1;
	classes = {
	};
	objectVersion = 56;
	objects = {

/* Begin PBXBuildFile section */
		09495BA528CFEC9900F371AB /* AppDelegate.swift in Sources */ = {isa = PBXBuildFile; fileRef = 09495BA428CFEC9900F371AB /* AppDelegate.swift */; };
		09495BA728CFEC9900F371AB /* SceneDelegate.swift in Sources */ = {isa = PBXBuildFile; fileRef = 09495BA628CFEC9900F371AB /* SceneDelegate.swift */; };
		09495BAC28CFEC9900F371AB /* Main.storyboard in Resources */ = {isa = PBXBuildFile; fileRef = 09495BAA28CFEC9900F371AB /* Main.storyboard */; };
		09495BAE28CFEC9B00F371AB /* Assets.xcassets in Resources */ = {isa = PBXBuildFile; fileRef = 09495BAD28CFEC9B00F371AB /* Assets.xcassets */; };
		09495BB128CFEC9B00F371AB /* LaunchScreen.storyboard in Resources */ = {isa = PBXBuildFile; fileRef = 09495BAF28CFEC9B00F371AB /* LaunchScreen.storyboard */; };
		09495BBC28CFEC9B00F371AB /* flixTests.swift in Sources */ = {isa = PBXBuildFile; fileRef = 09495BBB28CFEC9B00F371AB /* flixTests.swift */; };
		09495BC628CFEC9B00F371AB /* flixUITests.swift in Sources */ = {isa = PBXBuildFile; fileRef = 09495BC528CFEC9B00F371AB /* flixUITests.swift */; };
		09495BC828CFEC9B00F371AB /* flixUITestsLaunchTests.swift in Sources */ = {isa = PBXBuildFile; fileRef = 09495BC728CFEC9B00F371AB /* flixUITestsLaunchTests.swift */; };
		09495BE128D00F1D00F371AB /* MoviesViewController.swift in Sources */ = {isa = PBXBuildFile; fileRef = 09495BE028D00F1D00F371AB /* MoviesViewController.swift */; };
		0981A73028D028220036D36E /* MovieCell.swift in Sources */ = {isa = PBXBuildFile; fileRef = 0981A72F28D028220036D36E /* MovieCell.swift */; };
		0981A73328D02D2D0036D36E /* AlamofireImage in Frameworks */ = {isa = PBXBuildFile; productRef = 0981A73228D02D2D0036D36E /* AlamofireImage */; };
		09EED44A28D938DE003DE5BB /* MovieDetailsViewController.swift in Sources */ = {isa = PBXBuildFile; fileRef = 09EED44928D938DE003DE5BB /* MovieDetailsViewController.swift */; };
		09EED44C28D94A04003DE5BB /* MovieGridViewController.swift in Sources */ = {isa = PBXBuildFile; fileRef = 09EED44B28D94A04003DE5BB /* MovieGridViewController.swift */; };
		09EED45228D95A44003DE5BB /* MovieGridCell.swift in Sources */ = {isa = PBXBuildFile; fileRef = 09EED45128D95A44003DE5BB /* MovieGridCell.swift */; };
		395A508ECE1546CBC39ED2AF /* Pods_flix.framework in Frameworks */ = {isa = PBXBuildFile; fileRef = 7EB7B9ABF4A8FE37CE1E8565 /* Pods_flix.framework */; };
		67DC8DAC48118C90BBB916F4 /* Pods_flix_flixUITests.framework in Frameworks */ = {isa = PBXBuildFile; fileRef = BCB9DFE8B91AE05B5EC4039F /* Pods_flix_flixUITests.framework */; };
		696DBD7643BB8A9017285D9C /* Pods_flixTests.framework in Frameworks */ = {isa = PBXBuildFile; fileRef = 5B87B29560AF032A65BFF9CA /* Pods_flixTests.framework */; };
/* End PBXBuildFile section */

/* Begin PBXContainerItemProxy section */
		09495BB828CFEC9B00F371AB /* PBXContainerItemProxy */ = {
			isa = PBXContainerItemProxy;
			containerPortal = 09495B9928CFEC9900F371AB /* Project object */;
			proxyType = 1;
			remoteGlobalIDString = 09495BA028CFEC9900F371AB;
			remoteInfo = flix;
		};
		09495BC228CFEC9B00F371AB /* PBXContainerItemProxy */ = {
			isa = PBXContainerItemProxy;
			containerPortal = 09495B9928CFEC9900F371AB /* Project object */;
			proxyType = 1;
			remoteGlobalIDString = 09495BA028CFEC9900F371AB;
			remoteInfo = flix;
		};
/* End PBXContainerItemProxy section */

/* Begin PBXFileReference section */
		09495BA128CFEC9900F371AB /* flix.app */ = {isa = PBXFileReference; explicitFileType = wrapper.application; includeInIndex = 0; path = flix.app; sourceTree = BUILT_PRODUCTS_DIR; };
		09495BA428CFEC9900F371AB /* AppDelegate.swift */ = {isa = PBXFileReference; lastKnownFileType = sourcecode.swift; path = AppDelegate.swift; sourceTree = "<group>"; };
		09495BA628CFEC9900F371AB /* SceneDelegate.swift */ = {isa = PBXFileReference; lastKnownFileType = sourcecode.swift; path = SceneDelegate.swift; sourceTree = "<group>"; };
		09495BAB28CFEC9900F371AB /* Base */ = {isa = PBXFileReference; lastKnownFileType = file.storyboard; name = Base; path = Base.lproj/Main.storyboard; sourceTree = "<group>"; };
		09495BAD28CFEC9B00F371AB /* Assets.xcassets */ = {isa = PBXFileReference; lastKnownFileType = folder.assetcatalog; path = Assets.xcassets; sourceTree = "<group>"; };
		09495BB028CFEC9B00F371AB /* Base */ = {isa = PBXFileReference; lastKnownFileType = file.storyboard; name = Base; path = Base.lproj/LaunchScreen.storyboard; sourceTree = "<group>"; };
		09495BB228CFEC9B00F371AB /* Info.plist */ = {isa = PBXFileReference; lastKnownFileType = text.plist.xml; path = Info.plist; sourceTree = "<group>"; };
		09495BB728CFEC9B00F371AB /* flixTests.xctest */ = {isa = PBXFileReference; explicitFileType = wrapper.cfbundle; includeInIndex = 0; path = flixTests.xctest; sourceTree = BUILT_PRODUCTS_DIR; };
		09495BBB28CFEC9B00F371AB /* flixTests.swift */ = {isa = PBXFileReference; lastKnownFileType = sourcecode.swift; path = flixTests.swift; sourceTree = "<group>"; };
		09495BC128CFEC9B00F371AB /* flixUITests.xctest */ = {isa = PBXFileReference; explicitFileType = wrapper.cfbundle; includeInIndex = 0; path = flixUITests.xctest; sourceTree = BUILT_PRODUCTS_DIR; };
		09495BC528CFEC9B00F371AB /* flixUITests.swift */ = {isa = PBXFileReference; lastKnownFileType = sourcecode.swift; path = flixUITests.swift; sourceTree = "<group>"; };
		09495BC728CFEC9B00F371AB /* flixUITestsLaunchTests.swift */ = {isa = PBXFileReference; lastKnownFileType = sourcecode.swift; path = flixUITestsLaunchTests.swift; sourceTree = "<group>"; };
		09495BE028D00F1D00F371AB /* MoviesViewController.swift */ = {isa = PBXFileReference; lastKnownFileType = sourcecode.swift; path = MoviesViewController.swift; sourceTree = "<group>"; };
		0981A72F28D028220036D36E /* MovieCell.swift */ = {isa = PBXFileReference; lastKnownFileType = sourcecode.swift; path = MovieCell.swift; sourceTree = "<group>"; };
		09EED44928D938DE003DE5BB /* MovieDetailsViewController.swift */ = {isa = PBXFileReference; lastKnownFileType = sourcecode.swift; path = MovieDetailsViewController.swift; sourceTree = "<group>"; };
		09EED44B28D94A04003DE5BB /* MovieGridViewController.swift */ = {isa = PBXFileReference; lastKnownFileType = sourcecode.swift; path = MovieGridViewController.swift; sourceTree = "<group>"; };
		09EED45128D95A44003DE5BB /* MovieGridCell.swift */ = {isa = PBXFileReference; lastKnownFileType = sourcecode.swift; path = MovieGridCell.swift; sourceTree = "<group>"; };
		2D2474BDA880B5DC0D47302D /* Pods-flix-flixUITests.debug.xcconfig */ = {isa = PBXFileReference; includeInIndex = 1; lastKnownFileType = text.xcconfig; name = "Pods-flix-flixUITests.debug.xcconfig"; path = "Target Support Files/Pods-flix-flixUITests/Pods-flix-flixUITests.debug.xcconfig"; sourceTree = "<group>"; };
		31EDEE2D3CA6453997C07D93 /* Pods-flixTests.release.xcconfig */ = {isa = PBXFileReference; includeInIndex = 1; lastKnownFileType = text.xcconfig; name = "Pods-flixTests.release.xcconfig"; path = "Target Support Files/Pods-flixTests/Pods-flixTests.release.xcconfig"; sourceTree = "<group>"; };
		3E7BA875F22C14CADD145FFD /* Pods-flix.debug.xcconfig */ = {isa = PBXFileReference; includeInIndex = 1; lastKnownFileType = text.xcconfig; name = "Pods-flix.debug.xcconfig"; path = "Target Support Files/Pods-flix/Pods-flix.debug.xcconfig"; sourceTree = "<group>"; };
		5B87B29560AF032A65BFF9CA /* Pods_flixTests.framework */ = {isa = PBXFileReference; explicitFileType = wrapper.framework; includeInIndex = 0; path = Pods_flixTests.framework; sourceTree = BUILT_PRODUCTS_DIR; };
		60FA345103BDDB7346798324 /* Pods-flix-flixUITests.release.xcconfig */ = {isa = PBXFileReference; includeInIndex = 1; lastKnownFileType = text.xcconfig; name = "Pods-flix-flixUITests.release.xcconfig"; path = "Target Support Files/Pods-flix-flixUITests/Pods-flix-flixUITests.release.xcconfig"; sourceTree = "<group>"; };
		7EB7B9ABF4A8FE37CE1E8565 /* Pods_flix.framework */ = {isa = PBXFileReference; explicitFileType = wrapper.framework; includeInIndex = 0; path = Pods_flix.framework; sourceTree = BUILT_PRODUCTS_DIR; };
		A479A6CA6B632D15CF0A4B9A /* Pods-flixTests.debug.xcconfig */ = {isa = PBXFileReference; includeInIndex = 1; lastKnownFileType = text.xcconfig; name = "Pods-flixTests.debug.xcconfig"; path = "Target Support Files/Pods-flixTests/Pods-flixTests.debug.xcconfig"; sourceTree = "<group>"; };
		BCB9DFE8B91AE05B5EC4039F /* Pods_flix_flixUITests.framework */ = {isa = PBXFileReference; explicitFileType = wrapper.framework; includeInIndex = 0; path = Pods_flix_flixUITests.framework; sourceTree = BUILT_PRODUCTS_DIR; };
		FC9AD20D4B2D35712B4ABE3F /* Pods-flix.release.xcconfig */ = {isa = PBXFileReference; includeInIndex = 1; lastKnownFileType = text.xcconfig; name = "Pods-flix.release.xcconfig"; path = "Target Support Files/Pods-flix/Pods-flix.release.xcconfig"; sourceTree = "<group>"; };
/* End PBXFileReference section */

/* Begin PBXFrameworksBuildPhase section */
		09495B9E28CFEC9900F371AB /* Frameworks */ = {
			isa = PBXFrameworksBuildPhase;
			buildActionMask = 2147483647;
			files = (
				0981A73328D02D2D0036D36E /* AlamofireImage in Frameworks */,
				395A508ECE1546CBC39ED2AF /* Pods_flix.framework in Frameworks */,
			);
			runOnlyForDeploymentPostprocessing = 0;
		};
		09495BB428CFEC9B00F371AB /* Frameworks */ = {
			isa = PBXFrameworksBuildPhase;
			buildActionMask = 2147483647;
			files = (
				696DBD7643BB8A9017285D9C /* Pods_flixTests.framework in Frameworks */,
			);
			runOnlyForDeploymentPostprocessing = 0;
		};
		09495BBE28CFEC9B00F371AB /* Frameworks */ = {
			isa = PBXFrameworksBuildPhase;
			buildActionMask = 2147483647;
			files = (
				67DC8DAC48118C90BBB916F4 /* Pods_flix_flixUITests.framework in Frameworks */,
			);
			runOnlyForDeploymentPostprocessing = 0;
		};
/* End PBXFrameworksBuildPhase section */

/* Begin PBXGroup section */
		02BA97953AEC50A727BBCF35 /* Frameworks */ = {
			isa = PBXGroup;
			children = (
				7EB7B9ABF4A8FE37CE1E8565 /* Pods_flix.framework */,
				BCB9DFE8B91AE05B5EC4039F /* Pods_flix_flixUITests.framework */,
				5B87B29560AF032A65BFF9CA /* Pods_flixTests.framework */,
			);
			name = Frameworks;
			sourceTree = "<group>";
		};
		09495B9828CFEC9900F371AB = {
			isa = PBXGroup;
			children = (
				09495BA328CFEC9900F371AB /* flix */,
				09495BBA28CFEC9B00F371AB /* flixTests */,
				09495BC428CFEC9B00F371AB /* flixUITests */,
				09495BA228CFEC9900F371AB /* Products */,
				2C13CD7DC80167C4D8A7B067 /* Pods */,
				02BA97953AEC50A727BBCF35 /* Frameworks */,
			);
			sourceTree = "<group>";
		};
		09495BA228CFEC9900F371AB /* Products */ = {
			isa = PBXGroup;
			children = (
				09495BA128CFEC9900F371AB /* flix.app */,
				09495BB728CFEC9B00F371AB /* flixTests.xctest */,
				09495BC128CFEC9B00F371AB /* flixUITests.xctest */,
			);
			name = Products;
			sourceTree = "<group>";
		};
		09495BA328CFEC9900F371AB /* flix */ = {
			isa = PBXGroup;
			children = (
				09495BA428CFEC9900F371AB /* AppDelegate.swift */,
				09495BA628CFEC9900F371AB /* SceneDelegate.swift */,
				09495BAA28CFEC9900F371AB /* Main.storyboard */,
				09EED44B28D94A04003DE5BB /* MovieGridViewController.swift */,
				09EED44928D938DE003DE5BB /* MovieDetailsViewController.swift */,
				0981A72F28D028220036D36E /* MovieCell.swift */,
				09495BE028D00F1D00F371AB /* MoviesViewController.swift */,
				09495BAD28CFEC9B00F371AB /* Assets.xcassets */,
				09495BAF28CFEC9B00F371AB /* LaunchScreen.storyboard */,
				09495BB228CFEC9B00F371AB /* Info.plist */,
				09EED45128D95A44003DE5BB /* MovieGridCell.swift */,
			);
			path = flix;
			sourceTree = "<group>";
		};
		09495BBA28CFEC9B00F371AB /* flixTests */ = {
			isa = PBXGroup;
			children = (
				09495BBB28CFEC9B00F371AB /* flixTests.swift */,
			);
			path = flixTests;
			sourceTree = "<group>";
		};
		09495BC428CFEC9B00F371AB /* flixUITests */ = {
			isa = PBXGroup;
			children = (
				09495BC528CFEC9B00F371AB /* flixUITests.swift */,
				09495BC728CFEC9B00F371AB /* flixUITestsLaunchTests.swift */,
			);
			path = flixUITests;
			sourceTree = "<group>";
		};
		2C13CD7DC80167C4D8A7B067 /* Pods */ = {
			isa = PBXGroup;
			children = (
				3E7BA875F22C14CADD145FFD /* Pods-flix.debug.xcconfig */,
				FC9AD20D4B2D35712B4ABE3F /* Pods-flix.release.xcconfig */,
				2D2474BDA880B5DC0D47302D /* Pods-flix-flixUITests.debug.xcconfig */,
				60FA345103BDDB7346798324 /* Pods-flix-flixUITests.release.xcconfig */,
				A479A6CA6B632D15CF0A4B9A /* Pods-flixTests.debug.xcconfig */,
				31EDEE2D3CA6453997C07D93 /* Pods-flixTests.release.xcconfig */,
			);
			path = Pods;
			sourceTree = "<group>";
		};
/* End PBXGroup section */

/* Begin PBXNativeTarget section */
		09495BA028CFEC9900F371AB /* flix */ = {
			isa = PBXNativeTarget;
			buildConfigurationList = 09495BCB28CFEC9B00F371AB /* Build configuration list for PBXNativeTarget "flix" */;
			buildPhases = (
				A491E784E2420D919CC533B5 /* [CP] Check Pods Manifest.lock */,
				09495B9D28CFEC9900F371AB /* Sources */,
				09495B9E28CFEC9900F371AB /* Frameworks */,
				09495B9F28CFEC9900F371AB /* Resources */,
				A0C666C67EE47FE751715C33 /* [CP] Embed Pods Frameworks */,
			);
			buildRules = (
			);
			dependencies = (
			);
			name = flix;
			packageProductDependencies = (
				0981A73228D02D2D0036D36E /* AlamofireImage */,
			);
			productName = flix;
			productReference = 09495BA128CFEC9900F371AB /* flix.app */;
			productType = "com.apple.product-type.application";
		};
		09495BB628CFEC9B00F371AB /* flixTests */ = {
			isa = PBXNativeTarget;
			buildConfigurationList = 09495BCE28CFEC9B00F371AB /* Build configuration list for PBXNativeTarget "flixTests" */;
			buildPhases = (
				9DBEB59848B18781EA33C856 /* [CP] Check Pods Manifest.lock */,
				09495BB328CFEC9B00F371AB /* Sources */,
				09495BB428CFEC9B00F371AB /* Frameworks */,
				09495BB528CFEC9B00F371AB /* Resources */,
			);
			buildRules = (
			);
			dependencies = (
				09495BB928CFEC9B00F371AB /* PBXTargetDependency */,
			);
			name = flixTests;
			productName = flixTests;
			productReference = 09495BB728CFEC9B00F371AB /* flixTests.xctest */;
			productType = "com.apple.product-type.bundle.unit-test";
		};
		09495BC028CFEC9B00F371AB /* flixUITests */ = {
			isa = PBXNativeTarget;
			buildConfigurationList = 09495BD128CFEC9B00F371AB /* Build configuration list for PBXNativeTarget "flixUITests" */;
			buildPhases = (
				97DCD4A2C64147F51A63B0EA /* [CP] Check Pods Manifest.lock */,
				09495BBD28CFEC9B00F371AB /* Sources */,
				09495BBE28CFEC9B00F371AB /* Frameworks */,
				09495BBF28CFEC9B00F371AB /* Resources */,
				CEE88DC2DD2C2D32F0FF2A96 /* [CP] Embed Pods Frameworks */,
			);
			buildRules = (
			);
			dependencies = (
				09495BC328CFEC9B00F371AB /* PBXTargetDependency */,
			);
			name = flixUITests;
			productName = flixUITests;
			productReference = 09495BC128CFEC9B00F371AB /* flixUITests.xctest */;
			productType = "com.apple.product-type.bundle.ui-testing";
		};
/* End PBXNativeTarget section */

/* Begin PBXProject section */
		09495B9928CFEC9900F371AB /* Project object */ = {
			isa = PBXProject;
			attributes = {
				BuildIndependentTargetsInParallel = 1;
				LastSwiftUpdateCheck = 1400;
				LastUpgradeCheck = 1400;
				TargetAttributes = {
					09495BA028CFEC9900F371AB = {
						CreatedOnToolsVersion = 14.0;
					};
					09495BB628CFEC9B00F371AB = {
						CreatedOnToolsVersion = 14.0;
						TestTargetID = 09495BA028CFEC9900F371AB;
					};
					09495BC028CFEC9B00F371AB = {
						CreatedOnToolsVersion = 14.0;
						TestTargetID = 09495BA028CFEC9900F371AB;
					};
				};
			};
			buildConfigurationList = 09495B9C28CFEC9900F371AB /* Build configuration list for PBXProject "flix" */;
			compatibilityVersion = "Xcode 14.0";
			developmentRegion = en;
			hasScannedForEncodings = 0;
			knownRegions = (
				en,
				Base,
			);
			mainGroup = 09495B9828CFEC9900F371AB;
			packageReferences = (
				0981A73128D02D2D0036D36E /* XCRemoteSwiftPackageReference "AlamofireImage" */,
			);
			productRefGroup = 09495BA228CFEC9900F371AB /* Products */;
			projectDirPath = "";
			projectRoot = "";
			targets = (
				09495BA028CFEC9900F371AB /* flix */,
				09495BB628CFEC9B00F371AB /* flixTests */,
				09495BC028CFEC9B00F371AB /* flixUITests */,
			);
		};
/* End PBXProject section */

/* Begin PBXResourcesBuildPhase section */
		09495B9F28CFEC9900F371AB /* Resources */ = {
			isa = PBXResourcesBuildPhase;
			buildActionMask = 2147483647;
			files = (
				09495BB128CFEC9B00F371AB /* LaunchScreen.storyboard in Resources */,
				09495BAE28CFEC9B00F371AB /* Assets.xcassets in Resources */,
				09495BAC28CFEC9900F371AB /* Main.storyboard in Resources */,
			);
			runOnlyForDeploymentPostprocessing = 0;
		};
		09495BB528CFEC9B00F371AB /* Resources */ = {
			isa = PBXResourcesBuildPhase;
			buildActionMask = 2147483647;
			files = (
			);
			runOnlyForDeploymentPostprocessing = 0;
		};
		09495BBF28CFEC9B00F371AB /* Resources */ = {
			isa = PBXResourcesBuildPhase;
			buildActionMask = 2147483647;
			files = (
			);
			runOnlyForDeploymentPostprocessing = 0;
		};
/* End PBXResourcesBuildPhase section */

/* Begin PBXShellScriptBuildPhase section */
		97DCD4A2C64147F51A63B0EA /* [CP] Check Pods Manifest.lock */ = {
			isa = PBXShellScriptBuildPhase;
			buildActionMask = 2147483647;
			files = (
			);
			inputFileListPaths = (
			);
			inputPaths = (
				"${PODS_PODFILE_DIR_PATH}/Podfile.lock",
				"${PODS_ROOT}/Manifest.lock",
			);
			name = "[CP] Check Pods Manifest.lock";
			outputFileListPaths = (
			);
			outputPaths = (
				"$(DERIVED_FILE_DIR)/Pods-flix-flixUITests-checkManifestLockResult.txt",
			);
			runOnlyForDeploymentPostprocessing = 0;
			shellPath = /bin/sh;
			shellScript = "diff \"${PODS_PODFILE_DIR_PATH}/Podfile.lock\" \"${PODS_ROOT}/Manifest.lock\" > /dev/null\nif [ $? != 0 ] ; then\n    # print error to STDERR\n    echo \"error: The sandbox is not in sync with the Podfile.lock. Run 'pod install' or update your CocoaPods installation.\" >&2\n    exit 1\nfi\n# This output is used by Xcode 'outputs' to avoid re-running this script phase.\necho \"SUCCESS\" > \"${SCRIPT_OUTPUT_FILE_0}\"\n";
			showEnvVarsInLog = 0;
		};
		9DBEB59848B18781EA33C856 /* [CP] Check Pods Manifest.lock */ = {
			isa = PBXShellScriptBuildPhase;
			buildActionMask = 2147483647;
			files = (
			);
			inputFileListPaths = (
			);
			inputPaths = (
				"${PODS_PODFILE_DIR_PATH}/Podfile.lock",
				"${PODS_ROOT}/Manifest.lock",
			);
			name = "[CP] Check Pods Manifest.lock";
			outputFileListPaths = (
			);
			outputPaths = (
				"$(DERIVED_FILE_DIR)/Pods-flixTests-checkManifestLockResult.txt",
			);
			runOnlyForDeploymentPostprocessing = 0;
			shellPath = /bin/sh;
			shellScript = "diff \"${PODS_PODFILE_DIR_PATH}/Podfile.lock\" \"${PODS_ROOT}/Manifest.lock\" > /dev/null\nif [ $? != 0 ] ; then\n    # print error to STDERR\n    echo \"error: The sandbox is not in sync with the Podfile.lock. Run 'pod install' or update your CocoaPods installation.\" >&2\n    exit 1\nfi\n# This output is used by Xcode 'outputs' to avoid re-running this script phase.\necho \"SUCCESS\" > \"${SCRIPT_OUTPUT_FILE_0}\"\n";
			showEnvVarsInLog = 0;
		};
		A0C666C67EE47FE751715C33 /* [CP] Embed Pods Frameworks */ = {
			isa = PBXShellScriptBuildPhase;
			buildActionMask = 2147483647;
			files = (
			);
			inputFileListPaths = (
				"${PODS_ROOT}/Target Support Files/Pods-flix/Pods-flix-frameworks-${CONFIGURATION}-input-files.xcfilelist",
			);
			name = "[CP] Embed Pods Frameworks";
			outputFileListPaths = (
				"${PODS_ROOT}/Target Support Files/Pods-flix/Pods-flix-frameworks-${CONFIGURATION}-output-files.xcfilelist",
			);
			runOnlyForDeploymentPostprocessing = 0;
			shellPath = /bin/sh;
			shellScript = "\"${PODS_ROOT}/Target Support Files/Pods-flix/Pods-flix-frameworks.sh\"\n";
			showEnvVarsInLog = 0;
		};
		A491E784E2420D919CC533B5 /* [CP] Check Pods Manifest.lock */ = {
			isa = PBXShellScriptBuildPhase;
			buildActionMask = 2147483647;
			files = (
			);
			inputFileListPaths = (
			);
			inputPaths = (
				"${PODS_PODFILE_DIR_PATH}/Podfile.lock",
				"${PODS_ROOT}/Manifest.lock",
			);
			name = "[CP] Check Pods Manifest.lock";
			outputFileListPaths = (
			);
			outputPaths = (
				"$(DERIVED_FILE_DIR)/Pods-flix-checkManifestLockResult.txt",
			);
			runOnlyForDeploymentPostprocessing = 0;
			shellPath = /bin/sh;
			shellScript = "diff \"${PODS_PODFILE_DIR_PATH}/Podfile.lock\" \"${PODS_ROOT}/Manifest.lock\" > /dev/null\nif [ $? != 0 ] ; then\n    # print error to STDERR\n    echo \"error: The sandbox is not in sync with the Podfile.lock. Run 'pod install' or update your CocoaPods installation.\" >&2\n    exit 1\nfi\n# This output is used by Xcode 'outputs' to avoid re-running this script phase.\necho \"SUCCESS\" > \"${SCRIPT_OUTPUT_FILE_0}\"\n";
			showEnvVarsInLog = 0;
		};
		CEE88DC2DD2C2D32F0FF2A96 /* [CP] Embed Pods Frameworks */ = {
			isa = PBXShellScriptBuildPhase;
			buildActionMask = 2147483647;
			files = (
			);
			inputFileListPaths = (
				"${PODS_ROOT}/Target Support Files/Pods-flix-flixUITests/Pods-flix-flixUITests-frameworks-${CONFIGURATION}-input-files.xcfilelist",
			);
			name = "[CP] Embed Pods Frameworks";
			outputFileListPaths = (
				"${PODS_ROOT}/Target Support Files/Pods-flix-flixUITests/Pods-flix-flixUITests-frameworks-${CONFIGURATION}-output-files.xcfilelist",
			);
			runOnlyForDeploymentPostprocessing = 0;
			shellPath = /bin/sh;
			shellScript = "\"${PODS_ROOT}/Target Support Files/Pods-flix-flixUITests/Pods-flix-flixUITests-frameworks.sh\"\n";
			showEnvVarsInLog = 0;
		};
/* End PBXShellScriptBuildPhase section */

/* Begin PBXSourcesBuildPhase section */
		09495B9D28CFEC9900F371AB /* Sources */ = {
			isa = PBXSourcesBuildPhase;
			buildActionMask = 2147483647;
			files = (
				09EED44A28D938DE003DE5BB /* MovieDetailsViewController.swift in Sources */,
				09495BA528CFEC9900F371AB /* AppDelegate.swift in Sources */,
				09495BA728CFEC9900F371AB /* SceneDelegate.swift in Sources */,
				0981A73028D028220036D36E /* MovieCell.swift in Sources */,
				09495BE128D00F1D00F371AB /* MoviesViewController.swift in Sources */,
				09EED44C28D94A04003DE5BB /* MovieGridViewController.swift in Sources */,
				09EED45228D95A44003DE5BB /* MovieGridCell.swift in Sources */,
			);
			runOnlyForDeploymentPostprocessing = 0;
		};
		09495BB328CFEC9B00F371AB /* Sources */ = {
			isa = PBXSourcesBuildPhase;
			buildActionMask = 2147483647;
			files = (
				09495BBC28CFEC9B00F371AB /* flixTests.swift in Sources */,
			);
			runOnlyForDeploymentPostprocessing = 0;
		};
		09495BBD28CFEC9B00F371AB /* Sources */ = {
			isa = PBXSourcesBuildPhase;
			buildActionMask = 2147483647;
			files = (
				09495BC628CFEC9B00F371AB /* flixUITests.swift in Sources */,
				09495BC828CFEC9B00F371AB /* flixUITestsLaunchTests.swift in Sources */,
			);
			runOnlyForDeploymentPostprocessing = 0;
		};
/* End PBXSourcesBuildPhase section */

/* Begin PBXTargetDependency section */
		09495BB928CFEC9B00F371AB /* PBXTargetDependency */ = {
			isa = PBXTargetDependency;
			target = 09495BA028CFEC9900F371AB /* flix */;
			targetProxy = 09495BB828CFEC9B00F371AB /* PBXContainerItemProxy */;
		};
		09495BC328CFEC9B00F371AB /* PBXTargetDependency */ = {
			isa = PBXTargetDependency;
			target = 09495BA028CFEC9900F371AB /* flix */;
			targetProxy = 09495BC228CFEC9B00F371AB /* PBXContainerItemProxy */;
		};
/* End PBXTargetDependency section */

/* Begin PBXVariantGroup section */
		09495BAA28CFEC9900F371AB /* Main.storyboard */ = {
			isa = PBXVariantGroup;
			children = (
				09495BAB28CFEC9900F371AB /* Base */,
			);
			name = Main.storyboard;
			sourceTree = "<group>";
		};
		09495BAF28CFEC9B00F371AB /* LaunchScreen.storyboard */ = {
			isa = PBXVariantGroup;
			children = (
				09495BB028CFEC9B00F371AB /* Base */,
			);
			name = LaunchScreen.storyboard;
			sourceTree = "<group>";
		};
/* End PBXVariantGroup section */

/* Begin XCBuildConfiguration section */
		09495BC928CFEC9B00F371AB /* Debug */ = {
			isa = XCBuildConfiguration;
			buildSettings = {
				ALWAYS_SEARCH_USER_PATHS = NO;
				CLANG_ANALYZER_NONNULL = YES;
				CLANG_ANALYZER_NUMBER_OBJECT_CONVERSION = YES_AGGRESSIVE;
				CLANG_CXX_LANGUAGE_STANDARD = "gnu++20";
				CLANG_ENABLE_MODULES = YES;
				CLANG_ENABLE_OBJC_ARC = YES;
				CLANG_ENABLE_OBJC_WEAK = YES;
				CLANG_WARN_BLOCK_CAPTURE_AUTORELEASING = YES;
				CLANG_WARN_BOOL_CONVERSION = YES;
				CLANG_WARN_COMMA = YES;
				CLANG_WARN_CONSTANT_CONVERSION = YES;
				CLANG_WARN_DEPRECATED_OBJC_IMPLEMENTATIONS = YES;
				CLANG_WARN_DIRECT_OBJC_ISA_USAGE = YES_ERROR;
				CLANG_WARN_DOCUMENTATION_COMMENTS = YES;
				CLANG_WARN_EMPTY_BODY = YES;
				CLANG_WARN_ENUM_CONVERSION = YES;
				CLANG_WARN_INFINITE_RECURSION = YES;
				CLANG_WARN_INT_CONVERSION = YES;
				CLANG_WARN_NON_LITERAL_NULL_CONVERSION = YES;
				CLANG_WARN_OBJC_IMPLICIT_RETAIN_SELF = YES;
				CLANG_WARN_OBJC_LITERAL_CONVERSION = YES;
				CLANG_WARN_OBJC_ROOT_CLASS = YES_ERROR;
				CLANG_WARN_QUOTED_INCLUDE_IN_FRAMEWORK_HEADER = YES;
				CLANG_WARN_RANGE_LOOP_ANALYSIS = YES;
				CLANG_WARN_STRICT_PROTOTYPES = YES;
				CLANG_WARN_SUSPICIOUS_MOVE = YES;
				CLANG_WARN_UNGUARDED_AVAILABILITY = YES_AGGRESSIVE;
				CLANG_WARN_UNREACHABLE_CODE = YES;
				CLANG_WARN__DUPLICATE_METHOD_MATCH = YES;
				COPY_PHASE_STRIP = NO;
				DEBUG_INFORMATION_FORMAT = dwarf;
				ENABLE_STRICT_OBJC_MSGSEND = YES;
				ENABLE_TESTABILITY = YES;
				GCC_C_LANGUAGE_STANDARD = gnu11;
				GCC_DYNAMIC_NO_PIC = NO;
				GCC_NO_COMMON_BLOCKS = YES;
				GCC_OPTIMIZATION_LEVEL = 0;
				GCC_PREPROCESSOR_DEFINITIONS = (
					"DEBUG=1",
					"$(inherited)",
				);
				GCC_WARN_64_TO_32_BIT_CONVERSION = YES;
				GCC_WARN_ABOUT_RETURN_TYPE = YES_ERROR;
				GCC_WARN_UNDECLARED_SELECTOR = YES;
				GCC_WARN_UNINITIALIZED_AUTOS = YES_AGGRESSIVE;
				GCC_WARN_UNUSED_FUNCTION = YES;
				GCC_WARN_UNUSED_VARIABLE = YES;
				IPHONEOS_DEPLOYMENT_TARGET = 16.0;
				MTL_ENABLE_DEBUG_INFO = INCLUDE_SOURCE;
				MTL_FAST_MATH = YES;
				ONLY_ACTIVE_ARCH = YES;
				SDKROOT = iphoneos;
				SWIFT_ACTIVE_COMPILATION_CONDITIONS = DEBUG;
				SWIFT_OPTIMIZATION_LEVEL = "-Onone";
			};
			name = Debug;
		};
		09495BCA28CFEC9B00F371AB /* Release */ = {
			isa = XCBuildConfiguration;
			buildSettings = {
				ALWAYS_SEARCH_USER_PATHS = NO;
				CLANG_ANALYZER_NONNULL = YES;
				CLANG_ANALYZER_NUMBER_OBJECT_CONVERSION = YES_AGGRESSIVE;
				CLANG_CXX_LANGUAGE_STANDARD = "gnu++20";
				CLANG_ENABLE_MODULES = YES;
				CLANG_ENABLE_OBJC_ARC = YES;
				CLANG_ENABLE_OBJC_WEAK = YES;
				CLANG_WARN_BLOCK_CAPTURE_AUTORELEASING = YES;
				CLANG_WARN_BOOL_CONVERSION = YES;
				CLANG_WARN_COMMA = YES;
				CLANG_WARN_CONSTANT_CONVERSION = YES;
				CLANG_WARN_DEPRECATED_OBJC_IMPLEMENTATIONS = YES;
				CLANG_WARN_DIRECT_OBJC_ISA_USAGE = YES_ERROR;
				CLANG_WARN_DOCUMENTATION_COMMENTS = YES;
				CLANG_WARN_EMPTY_BODY = YES;
				CLANG_WARN_ENUM_CONVERSION = YES;
				CLANG_WARN_INFINITE_RECURSION = YES;
				CLANG_WARN_INT_CONVERSION = YES;
				CLANG_WARN_NON_LITERAL_NULL_CONVERSION = YES;
				CLANG_WARN_OBJC_IMPLICIT_RETAIN_SELF = YES;
				CLANG_WARN_OBJC_LITERAL_CONVERSION = YES;
				CLANG_WARN_OBJC_ROOT_CLASS = YES_ERROR;
				CLANG_WARN_QUOTED_INCLUDE_IN_FRAMEWORK_HEADER = YES;
				CLANG_WARN_RANGE_LOOP_ANALYSIS = YES;
				CLANG_WARN_STRICT_PROTOTYPES = YES;
				CLANG_WARN_SUSPICIOUS_MOVE = YES;
				CLANG_WARN_UNGUARDED_AVAILABILITY = YES_AGGRESSIVE;
				CLANG_WARN_UNREACHABLE_CODE = YES;
				CLANG_WARN__DUPLICATE_METHOD_MATCH = YES;
				COPY_PHASE_STRIP = NO;
				DEBUG_INFORMATION_FORMAT = "dwarf-with-dsym";
				ENABLE_NS_ASSERTIONS = NO;
				ENABLE_STRICT_OBJC_MSGSEND = YES;
				GCC_C_LANGUAGE_STANDARD = gnu11;
				GCC_NO_COMMON_BLOCKS = YES;
				GCC_WARN_64_TO_32_BIT_CONVERSION = YES;
				GCC_WARN_ABOUT_RETURN_TYPE = YES_ERROR;
				GCC_WARN_UNDECLARED_SELECTOR = YES;
				GCC_WARN_UNINITIALIZED_AUTOS = YES_AGGRESSIVE;
				GCC_WARN_UNUSED_FUNCTION = YES;
				GCC_WARN_UNUSED_VARIABLE = YES;
				IPHONEOS_DEPLOYMENT_TARGET = 16.0;
				MTL_ENABLE_DEBUG_INFO = NO;
				MTL_FAST_MATH = YES;
				SDKROOT = iphoneos;
				SWIFT_COMPILATION_MODE = wholemodule;
				SWIFT_OPTIMIZATION_LEVEL = "-O";
				VALIDATE_PRODUCT = YES;
			};
			name = Release;
		};
		09495BCC28CFEC9B00F371AB /* Debug */ = {
			isa = XCBuildConfiguration;
			baseConfigurationReference = 3E7BA875F22C14CADD145FFD /* Pods-flix.debug.xcconfig */;
			buildSettings = {
				ASSETCATALOG_COMPILER_APPICON_NAME = AppIcon;
				ASSETCATALOG_COMPILER_GLOBAL_ACCENT_COLOR_NAME = AccentColor;
				CODE_SIGN_STYLE = Automatic;
				CURRENT_PROJECT_VERSION = 1;
				DEVELOPMENT_TEAM = RNN6D4SV89;
				GENERATE_INFOPLIST_FILE = YES;
				INFOPLIST_FILE = flix/Info.plist;
				INFOPLIST_KEY_UIApplicationSupportsIndirectInputEvents = YES;
				INFOPLIST_KEY_UILaunchStoryboardName = LaunchScreen;
				INFOPLIST_KEY_UIMainStoryboardFile = Main;
				INFOPLIST_KEY_UISupportedInterfaceOrientations_iPad = "UIInterfaceOrientationPortrait UIInterfaceOrientationPortraitUpsideDown UIInterfaceOrientationLandscapeLeft UIInterfaceOrientationLandscapeRight";
				INFOPLIST_KEY_UISupportedInterfaceOrientations_iPhone = "UIInterfaceOrientationPortrait UIInterfaceOrientationLandscapeLeft UIInterfaceOrientationLandscapeRight";
				IPHONEOS_DEPLOYMENT_TARGET = 15.6;
				LD_RUNPATH_SEARCH_PATHS = (
					"$(inherited)",
					"@executable_path/Frameworks",
				);
				MARKETING_VERSION = 1.0;
				PRODUCT_BUNDLE_IDENTIFIER = com.danilmerinov1.flix;
				PRODUCT_NAME = "$(TARGET_NAME)";
				SWIFT_EMIT_LOC_STRINGS = YES;
				SWIFT_VERSION = 5.0;
				TARGETED_DEVICE_FAMILY = "1,2";
			};
			name = Debug;
		};
		09495BCD28CFEC9B00F371AB /* Release */ = {
			isa = XCBuildConfiguration;
			baseConfigurationReference = FC9AD20D4B2D35712B4ABE3F /* Pods-flix.release.xcconfig */;
			buildSettings = {
				ASSETCATALOG_COMPILER_APPICON_NAME = AppIcon;
				ASSETCATALOG_COMPILER_GLOBAL_ACCENT_COLOR_NAME = AccentColor;
				CODE_SIGN_STYLE = Automatic;
				CURRENT_PROJECT_VERSION = 1;
				DEVELOPMENT_TEAM = RNN6D4SV89;
				GENERATE_INFOPLIST_FILE = YES;
				INFOPLIST_FILE = flix/Info.plist;
				INFOPLIST_KEY_UIApplicationSupportsIndirectInputEvents = YES;
				INFOPLIST_KEY_UILaunchStoryboardName = LaunchScreen;
				INFOPLIST_KEY_UIMainStoryboardFile = Main;
				INFOPLIST_KEY_UISupportedInterfaceOrientations_iPad = "UIInterfaceOrientationPortrait UIInterfaceOrientationPortraitUpsideDown UIInterfaceOrientationLandscapeLeft UIInterfaceOrientationLandscapeRight";
				INFOPLIST_KEY_UISupportedInterfaceOrientations_iPhone = "UIInterfaceOrientationPortrait UIInterfaceOrientationLandscapeLeft UIInterfaceOrientationLandscapeRight";
				IPHONEOS_DEPLOYMENT_TARGET = 15.6;
				LD_RUNPATH_SEARCH_PATHS = (
					"$(inherited)",
					"@executable_path/Frameworks",
				);
				MARKETING_VERSION = 1.0;
				PRODUCT_BUNDLE_IDENTIFIER = com.danilmerinov1.flix;
				PRODUCT_NAME = "$(TARGET_NAME)";
				SWIFT_EMIT_LOC_STRINGS = YES;
				SWIFT_VERSION = 5.0;
				TARGETED_DEVICE_FAMILY = "1,2";
			};
			name = Release;
		};
		09495BCF28CFEC9B00F371AB /* Debug */ = {
			isa = XCBuildConfiguration;
			baseConfigurationReference = A479A6CA6B632D15CF0A4B9A /* Pods-flixTests.debug.xcconfig */;
			buildSettings = {
				ALWAYS_EMBED_SWIFT_STANDARD_LIBRARIES = YES;
				BUNDLE_LOADER = "$(TEST_HOST)";
				CODE_SIGN_STYLE = Automatic;
				CURRENT_PROJECT_VERSION = 1;
				DEVELOPMENT_TEAM = RNN6D4SV89;
				GENERATE_INFOPLIST_FILE = YES;
				IPHONEOS_DEPLOYMENT_TARGET = 16.0;
				MARKETING_VERSION = 1.0;
				PRODUCT_BUNDLE_IDENTIFIER = com.danilmerinov1.flixTests;
				PRODUCT_NAME = "$(TARGET_NAME)";
				SWIFT_EMIT_LOC_STRINGS = NO;
				SWIFT_VERSION = 5.0;
				TARGETED_DEVICE_FAMILY = "1,2";
				TEST_HOST = "$(BUILT_PRODUCTS_DIR)/flix.app/$(BUNDLE_EXECUTABLE_FOLDER_PATH)/flix";
			};
			name = Debug;
		};
		09495BD028CFEC9B00F371AB /* Release */ = {
			isa = XCBuildConfiguration;
			baseConfigurationReference = 31EDEE2D3CA6453997C07D93 /* Pods-flixTests.release.xcconfig */;
			buildSettings = {
				ALWAYS_EMBED_SWIFT_STANDARD_LIBRARIES = YES;
				BUNDLE_LOADER = "$(TEST_HOST)";
				CODE_SIGN_STYLE = Automatic;
				CURRENT_PROJECT_VERSION = 1;
				DEVELOPMENT_TEAM = RNN6D4SV89;
				GENERATE_INFOPLIST_FILE = YES;
				IPHONEOS_DEPLOYMENT_TARGET = 16.0;
				MARKETING_VERSION = 1.0;
				PRODUCT_BUNDLE_IDENTIFIER = com.danilmerinov1.flixTests;
				PRODUCT_NAME = "$(TARGET_NAME)";
				SWIFT_EMIT_LOC_STRINGS = NO;
				SWIFT_VERSION = 5.0;
				TARGETED_DEVICE_FAMILY = "1,2";
				TEST_HOST = "$(BUILT_PRODUCTS_DIR)/flix.app/$(BUNDLE_EXECUTABLE_FOLDER_PATH)/flix";
			};
			name = Release;
		};
		09495BD228CFEC9B00F371AB /* Debug */ = {
			isa = XCBuildConfiguration;
			baseConfigurationReference = 2D2474BDA880B5DC0D47302D /* Pods-flix-flixUITests.debug.xcconfig */;
			buildSettings = {
				ALWAYS_EMBED_SWIFT_STANDARD_LIBRARIES = YES;
				CODE_SIGN_STYLE = Automatic;
				CURRENT_PROJECT_VERSION = 1;
				DEVELOPMENT_TEAM = RNN6D4SV89;
				GENERATE_INFOPLIST_FILE = YES;
				MARKETING_VERSION = 1.0;
				PRODUCT_BUNDLE_IDENTIFIER = com.danilmerinov1.flixUITests;
				PRODUCT_NAME = "$(TARGET_NAME)";
				SWIFT_EMIT_LOC_STRINGS = NO;
				SWIFT_VERSION = 5.0;
				TARGETED_DEVICE_FAMILY = "1,2";
				TEST_TARGET_NAME = flix;
			};
			name = Debug;
		};
		09495BD328CFEC9B00F371AB /* Release */ = {
			isa = XCBuildConfiguration;
			baseConfigurationReference = 60FA345103BDDB7346798324 /* Pods-flix-flixUITests.release.xcconfig */;
			buildSettings = {
				ALWAYS_EMBED_SWIFT_STANDARD_LIBRARIES = YES;
				CODE_SIGN_STYLE = Automatic;
				CURRENT_PROJECT_VERSION = 1;
				DEVELOPMENT_TEAM = RNN6D4SV89;
				GENERATE_INFOPLIST_FILE = YES;
				MARKETING_VERSION = 1.0;
				PRODUCT_BUNDLE_IDENTIFIER = com.danilmerinov1.flixUITests;
				PRODUCT_NAME = "$(TARGET_NAME)";
				SWIFT_EMIT_LOC_STRINGS = NO;
				SWIFT_VERSION = 5.0;
				TARGETED_DEVICE_FAMILY = "1,2";
				TEST_TARGET_NAME = flix;
			};
			name = Release;
		};
/* End XCBuildConfiguration section */

/* Begin XCConfigurationList section */
		09495B9C28CFEC9900F371AB /* Build configuration list for PBXProject "flix" */ = {
			isa = XCConfigurationList;
			buildConfigurations = (
				09495BC928CFEC9B00F371AB /* Debug */,
				09495BCA28CFEC9B00F371AB /* Release */,
			);
			defaultConfigurationIsVisible = 0;
			defaultConfigurationName = Release;
		};
		09495BCB28CFEC9B00F371AB /* Build configuration list for PBXNativeTarget "flix" */ = {
			isa = XCConfigurationList;
			buildConfigurations = (
				09495BCC28CFEC9B00F371AB /* Debug */,
				09495BCD28CFEC9B00F371AB /* Release */,
			);
			defaultConfigurationIsVisible = 0;
			defaultConfigurationName = Release;
		};
		09495BCE28CFEC9B00F371AB /* Build configuration list for PBXNativeTarget "flixTests" */ = {
			isa = XCConfigurationList;
			buildConfigurations = (
				09495BCF28CFEC9B00F371AB /* Debug */,
				09495BD028CFEC9B00F371AB /* Release */,
			);
			defaultConfigurationIsVisible = 0;
			defaultConfigurationName = Release;
		};
		09495BD128CFEC9B00F371AB /* Build configuration list for PBXNativeTarget "flixUITests" */ = {
			isa = XCConfigurationList;
			buildConfigurations = (
				09495BD228CFEC9B00F371AB /* Debug */,
				09495BD328CFEC9B00F371AB /* Release */,
			);
			defaultConfigurationIsVisible = 0;
			defaultConfigurationName = Release;
		};
/* End XCConfigurationList section */

/* Begin XCRemoteSwiftPackageReference section */
		0981A73128D02D2D0036D36E /* XCRemoteSwiftPackageReference "AlamofireImage" */ = {
			isa = XCRemoteSwiftPackageReference;
			repositoryURL = "https://github.com/Alamofire/AlamofireImage";
			requirement = {
				kind = upToNextMajorVersion;
				minimumVersion = 4.0.0;
			};
		};
/* End XCRemoteSwiftPackageReference section */

/* Begin XCSwiftPackageProductDependency section */
		0981A73228D02D2D0036D36E /* AlamofireImage */ = {
			isa = XCSwiftPackageProductDependency;
			package = 0981A73128D02D2D0036D36E /* XCRemoteSwiftPackageReference "AlamofireImage" */;
			productName = AlamofireImage;
		};
/* End XCSwiftPackageProductDependency section */
	};
	rootObject = 09495B9928CFEC9900F371AB /* Project object */;
}
